
Microsoft Visual Studio Solution File, Format Version 12.00
# Visual Studio Version 17
VisualStudioVersion = 17.4.33122.133
MinimumVisualStudioVersion = 10.0.40219.1
Project("{FAE04EC0-301F-11D3-BF4B-00C04F79EFBC}") = "RecruitmentSystem.UI", "RecruimentSystem.UI\RecruitmentSystem.UI.csproj", "{2B1E7CA9-3146-4579-9CBA-F8D9208F8526}"
EndProject
Project("{FAE04EC0-301F-11D3-BF4B-00C04F79EFBC}") = "RecruitmentSystem.Model", "RecruitmentSystem.Model\RecruitmentSystem.Model.csproj", "{F2E3A28D-60DD-45BC-ADE4-6247DE101A95}"
EndProject
Project("{FAE04EC0-301F-11D3-BF4B-00C04F79EFBC}") = "RecruitmentSystem.InfraStructure", "RecruitmentSystem.InfraStructure\RecruitmentSystem.InfraStructure.csproj", "{077C9286-C3C7-4A98-AFDC-16E62B41EBA5}"
EndProject
Global
	GlobalSection(SolutionConfigurationPlatforms) = preSolution
		Debug|Any CPU = Debug|Any CPU
		Release|Any CPU = Release|Any CPU
	EndGlobalSection
	GlobalSection(ProjectConfigurationPlatforms) = postSolution
		{2B1E7CA9-3146-4579-9CBA-F8D9208F8526}.Debug|Any CPU.ActiveCfg = Debug|Any CPU
		{2B1E7CA9-3146-4579-9CBA-F8D9208F8526}.Debug|Any CPU.Build.0 = Debug|Any CPU
		{2B1E7CA9-3146-4579-9CBA-F8D9208F8526}.Release|Any CPU.ActiveCfg = Release|Any CPU
		{2B1E7CA9-3146-4579-9CBA-F8D9208F8526}.Release|Any CPU.Build.0 = Release|Any CPU
		{F2E3A28D-60DD-45BC-ADE4-6247DE101A95}.Debug|Any CPU.ActiveCfg = Debug|Any CPU
		{F2E3A28D-60DD-45BC-ADE4-6247DE101A95}.Debug|Any CPU.Build.0 = Debug|Any CPU
		{F2E3A28D-60DD-45BC-ADE4-6247DE101A95}.Release|Any CPU.ActiveCfg = Release|Any CPU
		{F2E3A28D-60DD-45BC-ADE4-6247DE101A95}.Release|Any CPU.Build.0 = Release|Any CPU
		{077C9286-C3C7-4A98-AFDC-16E62B41EBA5}.Debug|Any CPU.ActiveCfg = Debug|Any CPU
		{077C9286-C3C7-4A98-AFDC-16E62B41EBA5}.Debug|Any CPU.Build.0 = Debug|Any CPU
		{077C9286-C3C7-4A98-AFDC-16E62B41EBA5}.Release|Any CPU.ActiveCfg = Release|Any CPU
		{077C9286-C3C7-4A98-AFDC-16E62B41EBA5}.Release|Any CPU.Build.0 = Release|Any CPU
	EndGlobalSection
	GlobalSection(SolutionProperties) = preSolution
		HideSolutionNode = FALSE
	EndGlobalSection
	GlobalSection(ExtensibilityGlobals) = postSolution
		SolutionGuid = {0D202EF0-AD95-491E-993C-7AFCC9977409}
	EndGlobalSection
EndGlobal
